
Microsoft Visual Studio Solution File, Format Version 12.00
# Visual Studio Version 16
VisualStudioVersion = 16.0.32901.82
MinimumVisualStudioVersion = 10.0.40219.1
Project("{9A19103F-16F7-4668-BE54-9A1E7A4F7556}") = "CartingService", "CartingService.BLL\CartingService.csproj", "{B2935BE7-2B72-4D84-9F2A-D42AF63081BA}"
EndProject
Project("{9A19103F-16F7-4668-BE54-9A1E7A4F7556}") = "CartingService.Tests", "CartingService.Tests\CartingService.Tests.csproj", "{32DFEDD5-76AD-42C4-8C94-3B132814FFB8}"
EndProject
Project("{FAE04EC0-301F-11D3-BF4B-00C04F79EFBC}") = "CartingService.API", "CartingService.API\CartingService.API.csproj", "{FE3E1BDE-E17C-429C-A54C-BE6CFC953B3B}"
EndProject
Global
	GlobalSection(SolutionConfigurationPlatforms) = preSolution
		Debug|Any CPU = Debug|Any CPU
		Release|Any CPU = Release|Any CPU
	EndGlobalSection
	GlobalSection(ProjectConfigurationPlatforms) = postSolution
		{B2935BE7-2B72-4D84-9F2A-D42AF63081BA}.Debug|Any CPU.ActiveCfg = Debug|Any CPU
		{B2935BE7-2B72-4D84-9F2A-D42AF63081BA}.Debug|Any CPU.Build.0 = Debug|Any CPU
		{B2935BE7-2B72-4D84-9F2A-D42AF63081BA}.Release|Any CPU.ActiveCfg = Release|Any CPU
		{B2935BE7-2B72-4D84-9F2A-D42AF63081BA}.Release|Any CPU.Build.0 = Release|Any CPU
		{32DFEDD5-76AD-42C4-8C94-3B132814FFB8}.Debug|Any CPU.ActiveCfg = Debug|Any CPU
		{32DFEDD5-76AD-42C4-8C94-3B132814FFB8}.Debug|Any CPU.Build.0 = Debug|Any CPU
		{32DFEDD5-76AD-42C4-8C94-3B132814FFB8}.Release|Any CPU.ActiveCfg = Release|Any CPU
		{32DFEDD5-76AD-42C4-8C94-3B132814FFB8}.Release|Any CPU.Build.0 = Release|Any CPU
		{FE3E1BDE-E17C-429C-A54C-BE6CFC953B3B}.Debug|Any CPU.ActiveCfg = Debug|Any CPU
		{FE3E1BDE-E17C-429C-A54C-BE6CFC953B3B}.Debug|Any CPU.Build.0 = Debug|Any CPU
		{FE3E1BDE-E17C-429C-A54C-BE6CFC953B3B}.Release|Any CPU.ActiveCfg = Release|Any CPU
		{FE3E1BDE-E17C-429C-A54C-BE6CFC953B3B}.Release|Any CPU.Build.0 = Release|Any CPU
	EndGlobalSection
	GlobalSection(SolutionProperties) = preSolution
		HideSolutionNode = FALSE
	EndGlobalSection
	GlobalSection(ExtensibilityGlobals) = postSolution
		SolutionGuid = {4924840D-7556-4AA5-AE69-520D7C63CB3B}
	EndGlobalSection
EndGlobal
