
Microsoft Visual Studio Solution File, Format Version 12.00
# Visual Studio Version 16
VisualStudioVersion = 16.0.32901.82
MinimumVisualStudioVersion = 10.0.40219.1
Project("{9A19103F-16F7-4668-BE54-9A1E7A4F7556}") = "CatalogService.BLL", "CatalogService\CatalogService.BLL.csproj", "{FD333C14-3E9D-4BDE-B9F9-E6F8D0BC8AFC}"
EndProject
Project("{9A19103F-16F7-4668-BE54-9A1E7A4F7556}") = "CatalogService.DAL", "CatalogService.DAL\CatalogService.DAL.csproj", "{E3E0A2EE-21F7-40A1-A455-CF8131D1708E}"
EndProject
Project("{9A19103F-16F7-4668-BE54-9A1E7A4F7556}") = "CatalogService.Model", "CategoryService.Model\CatalogService.Model.csproj", "{5B75876C-CD42-4B58-ADB1-7782E3C5C4AE}"
EndProject
Project("{9A19103F-16F7-4668-BE54-9A1E7A4F7556}") = "CatalogService.Tests", "CatalogService.Tests\CatalogService.Tests.csproj", "{C7144192-D576-49B4-A365-1CA598B83094}"
EndProject
Project("{9A19103F-16F7-4668-BE54-9A1E7A4F7556}") = "CatalogService.API", "CatalogService.API\CatalogService.API.csproj", "{EB91EFA2-1420-443A-AA6B-14E89D64123D}"
EndProject
Project("{FAE04EC0-301F-11D3-BF4B-00C04F79EFBC}") = "CatalogService.Auth", "CatalogService.Auth\CatalogService.Auth.csproj", "{E34A794E-86F6-40F0-BD24-92905FEDF9E4}"
EndProject
Project("{FAE04EC0-301F-11D3-BF4B-00C04F79EFBC}") = "CatalogService.Gateway", "CatalogService.Gateway\CatalogService.Gateway.csproj", "{29C923AA-5D51-4E82-B027-D35179CE392A}"
EndProject
Global
	GlobalSection(SolutionConfigurationPlatforms) = preSolution
		Debug|Any CPU = Debug|Any CPU
		Release|Any CPU = Release|Any CPU
	EndGlobalSection
	GlobalSection(ProjectConfigurationPlatforms) = postSolution
		{FD333C14-3E9D-4BDE-B9F9-E6F8D0BC8AFC}.Debug|Any CPU.ActiveCfg = Debug|Any CPU
		{FD333C14-3E9D-4BDE-B9F9-E6F8D0BC8AFC}.Debug|Any CPU.Build.0 = Debug|Any CPU
		{FD333C14-3E9D-4BDE-B9F9-E6F8D0BC8AFC}.Release|Any CPU.ActiveCfg = Release|Any CPU
		{FD333C14-3E9D-4BDE-B9F9-E6F8D0BC8AFC}.Release|Any CPU.Build.0 = Release|Any CPU
		{E3E0A2EE-21F7-40A1-A455-CF8131D1708E}.Debug|Any CPU.ActiveCfg = Debug|Any CPU
		{E3E0A2EE-21F7-40A1-A455-CF8131D1708E}.Debug|Any CPU.Build.0 = Debug|Any CPU
		{E3E0A2EE-21F7-40A1-A455-CF8131D1708E}.Release|Any CPU.ActiveCfg = Release|Any CPU
		{E3E0A2EE-21F7-40A1-A455-CF8131D1708E}.Release|Any CPU.Build.0 = Release|Any CPU
		{5B75876C-CD42-4B58-ADB1-7782E3C5C4AE}.Debug|Any CPU.ActiveCfg = Debug|Any CPU
		{5B75876C-CD42-4B58-ADB1-7782E3C5C4AE}.Debug|Any CPU.Build.0 = Debug|Any CPU
		{5B75876C-CD42-4B58-ADB1-7782E3C5C4AE}.Release|Any CPU.ActiveCfg = Release|Any CPU
		{5B75876C-CD42-4B58-ADB1-7782E3C5C4AE}.Release|Any CPU.Build.0 = Release|Any CPU
		{C7144192-D576-49B4-A365-1CA598B83094}.Debug|Any CPU.ActiveCfg = Debug|Any CPU
		{C7144192-D576-49B4-A365-1CA598B83094}.Debug|Any CPU.Build.0 = Debug|Any CPU
		{C7144192-D576-49B4-A365-1CA598B83094}.Release|Any CPU.ActiveCfg = Release|Any CPU
		{C7144192-D576-49B4-A365-1CA598B83094}.Release|Any CPU.Build.0 = Release|Any CPU
		{EB91EFA2-1420-443A-AA6B-14E89D64123D}.Debug|Any CPU.ActiveCfg = Debug|Any CPU
		{EB91EFA2-1420-443A-AA6B-14E89D64123D}.Debug|Any CPU.Build.0 = Debug|Any CPU
		{EB91EFA2-1420-443A-AA6B-14E89D64123D}.Release|Any CPU.ActiveCfg = Release|Any CPU
		{EB91EFA2-1420-443A-AA6B-14E89D64123D}.Release|Any CPU.Build.0 = Release|Any CPU
		{E34A794E-86F6-40F0-BD24-92905FEDF9E4}.Debug|Any CPU.ActiveCfg = Debug|Any CPU
		{E34A794E-86F6-40F0-BD24-92905FEDF9E4}.Debug|Any CPU.Build.0 = Debug|Any CPU
		{E34A794E-86F6-40F0-BD24-92905FEDF9E4}.Release|Any CPU.ActiveCfg = Release|Any CPU
		{E34A794E-86F6-40F0-BD24-92905FEDF9E4}.Release|Any CPU.Build.0 = Release|Any CPU
		{29C923AA-5D51-4E82-B027-D35179CE392A}.Debug|Any CPU.ActiveCfg = Debug|Any CPU
		{29C923AA-5D51-4E82-B027-D35179CE392A}.Debug|Any CPU.Build.0 = Debug|Any CPU
		{29C923AA-5D51-4E82-B027-D35179CE392A}.Release|Any CPU.ActiveCfg = Release|Any CPU
		{29C923AA-5D51-4E82-B027-D35179CE392A}.Release|Any CPU.Build.0 = Release|Any CPU
	EndGlobalSection
	GlobalSection(SolutionProperties) = preSolution
		HideSolutionNode = FALSE
	EndGlobalSection
	GlobalSection(ExtensibilityGlobals) = postSolution
		SolutionGuid = {613BD0BA-B67C-4313-9B18-113F42BC6086}
	EndGlobalSection
EndGlobal
